
Microsoft Visual Studio Solution File, Format Version 12.00
# Visual Studio 15
VisualStudioVersion = 15.0.27130.2024
MinimumVisualStudioVersion = 10.0.40219.1
Project("{2150E333-8FDC-42A3-9474-1A3956D46DE8}") = "0.Documents", "0.Documents", "{4FB3F191-AC0D-4D7F-959D-720E2D5DE350}"
	ProjectSection(SolutionItems) = preProject
		common.props = common.props
		documents\Magicodes.Admin推荐开发环境.png = documents\Magicodes.Admin推荐开发环境.png
		README.md = README.md
		documents\开发环境要求.xmind = documents\开发环境要求.xmind
		documents\文章显示接口_V1.xmind = documents\文章显示接口_V1.xmind
	EndProjectSection
EndProject
Project("{9A19103F-16F7-4668-BE54-9A1E7A4F7556}") = "Magicodes.Admin.Core", "src\core\Magicodes.Admin.Core\Magicodes.Admin.Core.csproj", "{23F2ABF2-970F-429D-AC5F-BE05E7674230}"
EndProject
Project("{9A19103F-16F7-4668-BE54-9A1E7A4F7556}") = "Magicodes.Admin.Core.Custom", "src\core\Magicodes.Admin.Core.Custom\Magicodes.Admin.Core.Custom.csproj", "{16B1CFD0-6760-4893-8A67-6FA37070E1A7}"
EndProject
Project("{9A19103F-16F7-4668-BE54-9A1E7A4F7556}") = "Magicodes.Admin.EntityFrameworkCore", "src\data\Magicodes.Admin.EntityFrameworkCore\Magicodes.Admin.EntityFrameworkCore.csproj", "{C50BEE7E-4BFC-457D-9A71-4ADF4D3E8954}"
EndProject
Project("{9A19103F-16F7-4668-BE54-9A1E7A4F7556}") = "Magicodes.Admin.Migrator", "src\data\Magicodes.Admin.Migrator\Magicodes.Admin.Migrator.csproj", "{3A8F2FD9-58CD-40F0-A9D0-BAD7C1BB83C9}"
EndProject
Project("{2150E333-8FDC-42A3-9474-1A3956D46DE8}") = "1.Host", "1.Host", "{6F93D48A-B363-46A9-A37E-100820D16B3B}"
EndProject
Project("{2150E333-8FDC-42A3-9474-1A3956D46DE8}") = "2.Application", "2.Application", "{7661E802-A5E9-41F8-8242-8F5420D899B0}"
EndProject
Project("{2150E333-8FDC-42A3-9474-1A3956D46DE8}") = "3.Core", "3.Core", "{03AD10DD-49DC-4604-874F-205522CC1090}"
EndProject
Project("{2150E333-8FDC-42A3-9474-1A3956D46DE8}") = "4.Data", "4.Data", "{71AE5279-9595-4FC1-9213-B5B70B3D77D0}"
EndProject
Project("{2150E333-8FDC-42A3-9474-1A3956D46DE8}") = "6.Test", "6.Test", "{F745410B-AE50-4F64-B996-7FF41E00F1E3}"
EndProject
Project("{9A19103F-16F7-4668-BE54-9A1E7A4F7556}") = "App.Application", "src\app\api\App.Application\App.Application.csproj", "{E196399C-47F9-470D-8978-7715B0C8993F}"
EndProject
Project("{9A19103F-16F7-4668-BE54-9A1E7A4F7556}") = "App.Tests", "src\app\api\App.Tests\App.Tests.csproj", "{2DDD8464-3EBF-4CA8-9957-BD30DF8022C8}"
EndProject
Project("{9A19103F-16F7-4668-BE54-9A1E7A4F7556}") = "App.Host", "src\app\api\App.Host\App.Host.csproj", "{8B7B0AC9-535F-4423-BDFE-8A4D3828D705}"
EndProject
Project("{2150E333-8FDC-42A3-9474-1A3956D46DE8}") = "5.Unity", "5.Unity", "{1A5E3A9F-BFAD-4C35-943F-DFD5CEC1A925}"
EndProject
Project("{9A19103F-16F7-4668-BE54-9A1E7A4F7556}") = "Magicodes.Unity", "src\unity\Magicodes.Unity\Magicodes.Unity.csproj", "{11AF3CEE-0073-4017-B378-A4090BB85E37}"
EndProject
Project("{9A19103F-16F7-4668-BE54-9A1E7A4F7556}") = "Magicodes.Pay", "src\unity\Magicodes.Pay\Magicodes.Pay.csproj", "{0A6E2B80-34CC-4CC2-9A34-C6E8E1D87063}"
EndProject
Project("{9A19103F-16F7-4668-BE54-9A1E7A4F7556}") = "Magicodes.Sms", "src\unity\Magicodes.Sms\Magicodes.Sms.csproj", "{75ED56B9-32C3-4C84-A9CA-BA1D4627013A}"
EndProject
Project("{9A19103F-16F7-4668-BE54-9A1E7A4F7556}") = "Abp.Castle.NLog", "src\unity\Abp.Castle.NLog\Abp.Castle.NLog.csproj", "{DB34BFD4-0A3E-4456-BB82-20F3844547D5}"
EndProject
Project("{9A19103F-16F7-4668-BE54-9A1E7A4F7556}") = "Admin.Application", "src\admin\api\Admin.Application\Admin.Application.csproj", "{B049AF73-A7FF-42A9-97CD-8B655D449557}"
EndProject
Project("{E53339B2-1760-4266-BCC7-CA923CBCF16C}") = "docker-compose", "docker-compose.dcproj", "{A538963B-D8CB-49B9-9D8C-25998E9AC249}"
EndProject
Global
	GlobalSection(SolutionConfigurationPlatforms) = preSolution
		Debug|Any CPU = Debug|Any CPU
		Release|Any CPU = Release|Any CPU
	EndGlobalSection
	GlobalSection(ProjectConfigurationPlatforms) = postSolution
		{23F2ABF2-970F-429D-AC5F-BE05E7674230}.Debug|Any CPU.ActiveCfg = Debug|Any CPU
		{23F2ABF2-970F-429D-AC5F-BE05E7674230}.Debug|Any CPU.Build.0 = Debug|Any CPU
		{23F2ABF2-970F-429D-AC5F-BE05E7674230}.Release|Any CPU.ActiveCfg = Release|Any CPU
		{23F2ABF2-970F-429D-AC5F-BE05E7674230}.Release|Any CPU.Build.0 = Release|Any CPU
		{16B1CFD0-6760-4893-8A67-6FA37070E1A7}.Debug|Any CPU.ActiveCfg = Debug|Any CPU
		{16B1CFD0-6760-4893-8A67-6FA37070E1A7}.Debug|Any CPU.Build.0 = Debug|Any CPU
		{16B1CFD0-6760-4893-8A67-6FA37070E1A7}.Release|Any CPU.ActiveCfg = Release|Any CPU
		{16B1CFD0-6760-4893-8A67-6FA37070E1A7}.Release|Any CPU.Build.0 = Release|Any CPU
		{C50BEE7E-4BFC-457D-9A71-4ADF4D3E8954}.Debug|Any CPU.ActiveCfg = Debug|Any CPU
		{C50BEE7E-4BFC-457D-9A71-4ADF4D3E8954}.Debug|Any CPU.Build.0 = Debug|Any CPU
		{C50BEE7E-4BFC-457D-9A71-4ADF4D3E8954}.Release|Any CPU.ActiveCfg = Release|Any CPU
		{C50BEE7E-4BFC-457D-9A71-4ADF4D3E8954}.Release|Any CPU.Build.0 = Release|Any CPU
		{3A8F2FD9-58CD-40F0-A9D0-BAD7C1BB83C9}.Debug|Any CPU.ActiveCfg = Debug|Any CPU
		{3A8F2FD9-58CD-40F0-A9D0-BAD7C1BB83C9}.Debug|Any CPU.Build.0 = Debug|Any CPU
		{3A8F2FD9-58CD-40F0-A9D0-BAD7C1BB83C9}.Release|Any CPU.ActiveCfg = Release|Any CPU
		{3A8F2FD9-58CD-40F0-A9D0-BAD7C1BB83C9}.Release|Any CPU.Build.0 = Release|Any CPU
		{E196399C-47F9-470D-8978-7715B0C8993F}.Debug|Any CPU.ActiveCfg = Debug|Any CPU
		{E196399C-47F9-470D-8978-7715B0C8993F}.Debug|Any CPU.Build.0 = Debug|Any CPU
		{E196399C-47F9-470D-8978-7715B0C8993F}.Release|Any CPU.ActiveCfg = Release|Any CPU
		{E196399C-47F9-470D-8978-7715B0C8993F}.Release|Any CPU.Build.0 = Release|Any CPU
		{2DDD8464-3EBF-4CA8-9957-BD30DF8022C8}.Debug|Any CPU.ActiveCfg = Debug|Any CPU
		{2DDD8464-3EBF-4CA8-9957-BD30DF8022C8}.Debug|Any CPU.Build.0 = Debug|Any CPU
		{2DDD8464-3EBF-4CA8-9957-BD30DF8022C8}.Release|Any CPU.ActiveCfg = Release|Any CPU
		{2DDD8464-3EBF-4CA8-9957-BD30DF8022C8}.Release|Any CPU.Build.0 = Release|Any CPU
		{8B7B0AC9-535F-4423-BDFE-8A4D3828D705}.Debug|Any CPU.ActiveCfg = Debug|Any CPU
		{8B7B0AC9-535F-4423-BDFE-8A4D3828D705}.Debug|Any CPU.Build.0 = Debug|Any CPU
		{8B7B0AC9-535F-4423-BDFE-8A4D3828D705}.Release|Any CPU.ActiveCfg = Release|Any CPU
		{8B7B0AC9-535F-4423-BDFE-8A4D3828D705}.Release|Any CPU.Build.0 = Release|Any CPU
		{11AF3CEE-0073-4017-B378-A4090BB85E37}.Debug|Any CPU.ActiveCfg = Debug|Any CPU
		{11AF3CEE-0073-4017-B378-A4090BB85E37}.Debug|Any CPU.Build.0 = Debug|Any CPU
		{11AF3CEE-0073-4017-B378-A4090BB85E37}.Release|Any CPU.ActiveCfg = Release|Any CPU
		{11AF3CEE-0073-4017-B378-A4090BB85E37}.Release|Any CPU.Build.0 = Release|Any CPU
		{0A6E2B80-34CC-4CC2-9A34-C6E8E1D87063}.Debug|Any CPU.ActiveCfg = Debug|Any CPU
		{0A6E2B80-34CC-4CC2-9A34-C6E8E1D87063}.Debug|Any CPU.Build.0 = Debug|Any CPU
		{0A6E2B80-34CC-4CC2-9A34-C6E8E1D87063}.Release|Any CPU.ActiveCfg = Release|Any CPU
		{0A6E2B80-34CC-4CC2-9A34-C6E8E1D87063}.Release|Any CPU.Build.0 = Release|Any CPU
		{75ED56B9-32C3-4C84-A9CA-BA1D4627013A}.Debug|Any CPU.ActiveCfg = Debug|Any CPU
		{75ED56B9-32C3-4C84-A9CA-BA1D4627013A}.Debug|Any CPU.Build.0 = Debug|Any CPU
		{75ED56B9-32C3-4C84-A9CA-BA1D4627013A}.Release|Any CPU.ActiveCfg = Release|Any CPU
		{75ED56B9-32C3-4C84-A9CA-BA1D4627013A}.Release|Any CPU.Build.0 = Release|Any CPU
		{DB34BFD4-0A3E-4456-BB82-20F3844547D5}.Debug|Any CPU.ActiveCfg = Debug|Any CPU
		{DB34BFD4-0A3E-4456-BB82-20F3844547D5}.Debug|Any CPU.Build.0 = Debug|Any CPU
		{DB34BFD4-0A3E-4456-BB82-20F3844547D5}.Release|Any CPU.ActiveCfg = Release|Any CPU
		{DB34BFD4-0A3E-4456-BB82-20F3844547D5}.Release|Any CPU.Build.0 = Release|Any CPU
		{B049AF73-A7FF-42A9-97CD-8B655D449557}.Debug|Any CPU.ActiveCfg = Debug|Any CPU
		{B049AF73-A7FF-42A9-97CD-8B655D449557}.Debug|Any CPU.Build.0 = Debug|Any CPU
		{B049AF73-A7FF-42A9-97CD-8B655D449557}.Release|Any CPU.ActiveCfg = Release|Any CPU
		{B049AF73-A7FF-42A9-97CD-8B655D449557}.Release|Any CPU.Build.0 = Release|Any CPU
		{A538963B-D8CB-49B9-9D8C-25998E9AC249}.Debug|Any CPU.ActiveCfg = Debug|Any CPU
		{A538963B-D8CB-49B9-9D8C-25998E9AC249}.Debug|Any CPU.Build.0 = Debug|Any CPU
		{A538963B-D8CB-49B9-9D8C-25998E9AC249}.Release|Any CPU.ActiveCfg = Release|Any CPU
		{A538963B-D8CB-49B9-9D8C-25998E9AC249}.Release|Any CPU.Build.0 = Release|Any CPU
	EndGlobalSection
	GlobalSection(SolutionProperties) = preSolution
		HideSolutionNode = FALSE
	EndGlobalSection
	GlobalSection(NestedProjects) = preSolution
		{23F2ABF2-970F-429D-AC5F-BE05E7674230} = {03AD10DD-49DC-4604-874F-205522CC1090}
		{16B1CFD0-6760-4893-8A67-6FA37070E1A7} = {03AD10DD-49DC-4604-874F-205522CC1090}
		{C50BEE7E-4BFC-457D-9A71-4ADF4D3E8954} = {71AE5279-9595-4FC1-9213-B5B70B3D77D0}
		{3A8F2FD9-58CD-40F0-A9D0-BAD7C1BB83C9} = {71AE5279-9595-4FC1-9213-B5B70B3D77D0}
		{E196399C-47F9-470D-8978-7715B0C8993F} = {7661E802-A5E9-41F8-8242-8F5420D899B0}
		{2DDD8464-3EBF-4CA8-9957-BD30DF8022C8} = {F745410B-AE50-4F64-B996-7FF41E00F1E3}
		{8B7B0AC9-535F-4423-BDFE-8A4D3828D705} = {6F93D48A-B363-46A9-A37E-100820D16B3B}
		{11AF3CEE-0073-4017-B378-A4090BB85E37} = {1A5E3A9F-BFAD-4C35-943F-DFD5CEC1A925}
		{0A6E2B80-34CC-4CC2-9A34-C6E8E1D87063} = {1A5E3A9F-BFAD-4C35-943F-DFD5CEC1A925}
		{75ED56B9-32C3-4C84-A9CA-BA1D4627013A} = {1A5E3A9F-BFAD-4C35-943F-DFD5CEC1A925}
		{DB34BFD4-0A3E-4456-BB82-20F3844547D5} = {1A5E3A9F-BFAD-4C35-943F-DFD5CEC1A925}
		{B049AF73-A7FF-42A9-97CD-8B655D449557} = {7661E802-A5E9-41F8-8242-8F5420D899B0}
	EndGlobalSection
	GlobalSection(ExtensibilityGlobals) = postSolution
		SolutionGuid = {23CD4D4B-B131-473D-9ECB-5DD96E739671}
	EndGlobalSection
EndGlobal
