
Microsoft Visual Studio Solution File, Format Version 12.00
# Visual Studio 15
VisualStudioVersion = 15.0.27130.2024
MinimumVisualStudioVersion = 10.0.40219.1
Project("{9A19103F-16F7-4668-BE54-9A1E7A4F7556}") = "Magicodes.Admin.Core", "src\Magicodes.Admin.Core\Magicodes.Admin.Core.csproj", "{0FA75A5B-AB83-4FD0-B545-279774C01E87}"
EndProject
Project("{9A19103F-16F7-4668-BE54-9A1E7A4F7556}") = "Magicodes.Admin.Application", "src\Magicodes.Admin.Application\Magicodes.Admin.Application.csproj", "{3870C648-4AEA-4B85-BA3F-F2F63B96136A}"
EndProject
Project("{9A19103F-16F7-4668-BE54-9A1E7A4F7556}") = "Magicodes.Admin.Tests", "test\Magicodes.Admin.Tests\Magicodes.Admin.Tests.csproj", "{0D4C5D00-C144-4213-A007-4B8944113AB1}"
EndProject
Project("{9A19103F-16F7-4668-BE54-9A1E7A4F7556}") = "Magicodes.Admin.Migrator", "src\Magicodes.Admin.Migrator\Magicodes.Admin.Migrator.csproj", "{7CAD3713-812A-4DE1-BDE3-59225B1E430A}"
EndProject
Project("{9A19103F-16F7-4668-BE54-9A1E7A4F7556}") = "Magicodes.Admin.Web.Core", "src\Magicodes.Admin.Web.Core\Magicodes.Admin.Web.Core.csproj", "{0F0E141D-2626-4114-9805-3AFD8275A6B0}"
EndProject
Project("{9A19103F-16F7-4668-BE54-9A1E7A4F7556}") = "Magicodes.Admin.Web.Host", "src\Magicodes.Admin.Web.Host\Magicodes.Admin.Web.Host.csproj", "{9FC37C62-2105-4D32-9724-7323B959504B}"
EndProject
Project("{9A19103F-16F7-4668-BE54-9A1E7A4F7556}") = "Magicodes.Admin.EntityFrameworkCore", "src\Magicodes.Admin.EntityFrameworkCore\Magicodes.Admin.EntityFrameworkCore.csproj", "{A229F7D5-EE83-462E-8642-E9A2D5EA90FE}"
EndProject
Project("{9A19103F-16F7-4668-BE54-9A1E7A4F7556}") = "Magicodes.Admin.ConsoleApiClient", "test\Magicodes.Admin.ConsoleApiClient\Magicodes.Admin.ConsoleApiClient.csproj", "{25CD4D8C-D3DB-48A0-A4D0-639B6D0BDC7C}"
EndProject
Project("{9A19103F-16F7-4668-BE54-9A1E7A4F7556}") = "Magicodes.Admin.Application.Shared", "src\Magicodes.Admin.Application.Shared\Magicodes.Admin.Application.Shared.csproj", "{6143A90B-6C2A-4683-8A3A-4D48702770EA}"
EndProject
Project("{9A19103F-16F7-4668-BE54-9A1E7A4F7556}") = "Magicodes.Admin.Core.Shared", "src\Magicodes.Admin.Core.Shared\Magicodes.Admin.Core.Shared.csproj", "{4D6603C1-F7D6-4681-97F8-69B4BBBC0536}"
EndProject
Project("{2150E333-8FDC-42A3-9474-1A3956D46DE8}") = "2.Host", "2.Host", "{40E893C4-0F97-4F92-BD24-E415CCEEC7D3}"
EndProject
Project("{2150E333-8FDC-42A3-9474-1A3956D46DE8}") = "3.Services", "3.Services", "{8D9D6589-65D0-4616-A0D2-05F01DE4FD51}"
EndProject
Project("{2150E333-8FDC-42A3-9474-1A3956D46DE8}") = "4.Data", "4.Data", "{02ACDD31-7333-4294-807B-F0ECC61698EB}"
EndProject
Project("{2150E333-8FDC-42A3-9474-1A3956D46DE8}") = "5.Core", "5.Core", "{2E9E38C5-991B-467C-8D50-7D1A6CC9C787}"
EndProject
Project("{2150E333-8FDC-42A3-9474-1A3956D46DE8}") = "6.Test", "6.Test", "{014B9FF4-CA3A-4C1A-BFEA-8A6B9E72ED63}"
EndProject
Project("{2150E333-8FDC-42A3-9474-1A3956D46DE8}") = "0.Documents", "0.Documents", "{4FB3F191-AC0D-4D7F-959D-720E2D5DE350}"
	ProjectSection(SolutionItems) = preProject
		common.props = common.props
		documents\Magicodes.Admin推荐开发环境.png = documents\Magicodes.Admin推荐开发环境.png
		README.md = README.md
		documents\开发环境要求.xmind = documents\开发环境要求.xmind
	EndProjectSection
EndProject
Project("{9A19103F-16F7-4668-BE54-9A1E7A4F7556}") = "Magicodes.App.Tests", "test\Magicodes.App.Tests\Magicodes.App.Tests.csproj", "{AC27E8FC-37B4-4B5F-A3CA-01602C2E8764}"
EndProject
Project("{9A19103F-16F7-4668-BE54-9A1E7A4F7556}") = "App.Application", "src\Magicodes.App.Application\App.Application.csproj", "{6B1C3467-E225-4443-88BB-11DFF4DD7A1C}"
EndProject
Project("{2150E333-8FDC-42A3-9474-1A3956D46DE8}") = "1.Presentation", "1.Presentation", "{1EC0137F-ED18-4586-BF10-7D836E4D658C}"
EndProject
Project("{9A19103F-16F7-4668-BE54-9A1E7A4F7556}") = "Magicodes.Admim.AdminApp", "src\Magicodes.Admim.AdminApp\Magicodes.Admim.AdminApp.csproj", "{35550062-4CB1-48FE-864A-52CB32334149}"
EndProject
Project("{9A19103F-16F7-4668-BE54-9A1E7A4F7556}") = "Magicodes.Admin.Application.App", "src\Magicodes.Admin.Application.App\Magicodes.Admin.Application.App.csproj", "{CBFCA730-1403-4BC3-AFF3-91A0AA8D39F1}"
EndProject
Project("{9A19103F-16F7-4668-BE54-9A1E7A4F7556}") = "Magicodes.App.Core", "src\Magicodes.App.Core\Magicodes.App.Core.csproj", "{82029087-7A8D-41D5-8619-6B517F338AF9}"
EndProject
Project("{9A19103F-16F7-4668-BE54-9A1E7A4F7556}") = "App.Host", "src\Host\App.Host\App.Host.csproj", "{7BA7B767-A410-47FA-BA52-D6A2240EED32}"
EndProject
Project("{2150E333-8FDC-42A3-9474-1A3956D46DE8}") = "1.App", "1.App", "{E8B088B6-55E9-4616-9F08-FE21F5B21780}"
EndProject
Global
	GlobalSection(SolutionConfigurationPlatforms) = preSolution
		Debug|Any CPU = Debug|Any CPU
		Release|Any CPU = Release|Any CPU
	EndGlobalSection
	GlobalSection(ProjectConfigurationPlatforms) = postSolution
		{0FA75A5B-AB83-4FD0-B545-279774C01E87}.Debug|Any CPU.ActiveCfg = Debug|Any CPU
		{0FA75A5B-AB83-4FD0-B545-279774C01E87}.Debug|Any CPU.Build.0 = Debug|Any CPU
		{0FA75A5B-AB83-4FD0-B545-279774C01E87}.Release|Any CPU.ActiveCfg = Release|Any CPU
		{0FA75A5B-AB83-4FD0-B545-279774C01E87}.Release|Any CPU.Build.0 = Release|Any CPU
		{3870C648-4AEA-4B85-BA3F-F2F63B96136A}.Debug|Any CPU.ActiveCfg = Debug|Any CPU
		{3870C648-4AEA-4B85-BA3F-F2F63B96136A}.Debug|Any CPU.Build.0 = Debug|Any CPU
		{3870C648-4AEA-4B85-BA3F-F2F63B96136A}.Release|Any CPU.ActiveCfg = Release|Any CPU
		{3870C648-4AEA-4B85-BA3F-F2F63B96136A}.Release|Any CPU.Build.0 = Release|Any CPU
		{0D4C5D00-C144-4213-A007-4B8944113AB1}.Debug|Any CPU.ActiveCfg = Debug|Any CPU
		{0D4C5D00-C144-4213-A007-4B8944113AB1}.Debug|Any CPU.Build.0 = Debug|Any CPU
		{0D4C5D00-C144-4213-A007-4B8944113AB1}.Release|Any CPU.ActiveCfg = Release|Any CPU
		{0D4C5D00-C144-4213-A007-4B8944113AB1}.Release|Any CPU.Build.0 = Release|Any CPU
		{7CAD3713-812A-4DE1-BDE3-59225B1E430A}.Debug|Any CPU.ActiveCfg = Debug|Any CPU
		{7CAD3713-812A-4DE1-BDE3-59225B1E430A}.Debug|Any CPU.Build.0 = Debug|Any CPU
		{7CAD3713-812A-4DE1-BDE3-59225B1E430A}.Release|Any CPU.ActiveCfg = Release|Any CPU
		{7CAD3713-812A-4DE1-BDE3-59225B1E430A}.Release|Any CPU.Build.0 = Release|Any CPU
		{0F0E141D-2626-4114-9805-3AFD8275A6B0}.Debug|Any CPU.ActiveCfg = Debug|Any CPU
		{0F0E141D-2626-4114-9805-3AFD8275A6B0}.Debug|Any CPU.Build.0 = Debug|Any CPU
		{0F0E141D-2626-4114-9805-3AFD8275A6B0}.Release|Any CPU.ActiveCfg = Release|Any CPU
		{0F0E141D-2626-4114-9805-3AFD8275A6B0}.Release|Any CPU.Build.0 = Release|Any CPU
		{9FC37C62-2105-4D32-9724-7323B959504B}.Debug|Any CPU.ActiveCfg = Debug|Any CPU
		{9FC37C62-2105-4D32-9724-7323B959504B}.Debug|Any CPU.Build.0 = Debug|Any CPU
		{9FC37C62-2105-4D32-9724-7323B959504B}.Release|Any CPU.ActiveCfg = Release|Any CPU
		{9FC37C62-2105-4D32-9724-7323B959504B}.Release|Any CPU.Build.0 = Release|Any CPU
		{A229F7D5-EE83-462E-8642-E9A2D5EA90FE}.Debug|Any CPU.ActiveCfg = Debug|Any CPU
		{A229F7D5-EE83-462E-8642-E9A2D5EA90FE}.Debug|Any CPU.Build.0 = Debug|Any CPU
		{A229F7D5-EE83-462E-8642-E9A2D5EA90FE}.Release|Any CPU.ActiveCfg = Release|Any CPU
		{A229F7D5-EE83-462E-8642-E9A2D5EA90FE}.Release|Any CPU.Build.0 = Release|Any CPU
		{25CD4D8C-D3DB-48A0-A4D0-639B6D0BDC7C}.Debug|Any CPU.ActiveCfg = Debug|Any CPU
		{25CD4D8C-D3DB-48A0-A4D0-639B6D0BDC7C}.Debug|Any CPU.Build.0 = Debug|Any CPU
		{25CD4D8C-D3DB-48A0-A4D0-639B6D0BDC7C}.Release|Any CPU.ActiveCfg = Release|Any CPU
		{25CD4D8C-D3DB-48A0-A4D0-639B6D0BDC7C}.Release|Any CPU.Build.0 = Release|Any CPU
		{6143A90B-6C2A-4683-8A3A-4D48702770EA}.Debug|Any CPU.ActiveCfg = Debug|Any CPU
		{6143A90B-6C2A-4683-8A3A-4D48702770EA}.Debug|Any CPU.Build.0 = Debug|Any CPU
		{6143A90B-6C2A-4683-8A3A-4D48702770EA}.Release|Any CPU.ActiveCfg = Release|Any CPU
		{6143A90B-6C2A-4683-8A3A-4D48702770EA}.Release|Any CPU.Build.0 = Release|Any CPU
		{4D6603C1-F7D6-4681-97F8-69B4BBBC0536}.Debug|Any CPU.ActiveCfg = Debug|Any CPU
		{4D6603C1-F7D6-4681-97F8-69B4BBBC0536}.Debug|Any CPU.Build.0 = Debug|Any CPU
		{4D6603C1-F7D6-4681-97F8-69B4BBBC0536}.Release|Any CPU.ActiveCfg = Release|Any CPU
		{4D6603C1-F7D6-4681-97F8-69B4BBBC0536}.Release|Any CPU.Build.0 = Release|Any CPU
		{AC27E8FC-37B4-4B5F-A3CA-01602C2E8764}.Debug|Any CPU.ActiveCfg = Debug|Any CPU
		{AC27E8FC-37B4-4B5F-A3CA-01602C2E8764}.Debug|Any CPU.Build.0 = Debug|Any CPU
		{AC27E8FC-37B4-4B5F-A3CA-01602C2E8764}.Release|Any CPU.ActiveCfg = Release|Any CPU
		{AC27E8FC-37B4-4B5F-A3CA-01602C2E8764}.Release|Any CPU.Build.0 = Release|Any CPU
		{6B1C3467-E225-4443-88BB-11DFF4DD7A1C}.Debug|Any CPU.ActiveCfg = Debug|Any CPU
		{6B1C3467-E225-4443-88BB-11DFF4DD7A1C}.Debug|Any CPU.Build.0 = Debug|Any CPU
		{6B1C3467-E225-4443-88BB-11DFF4DD7A1C}.Release|Any CPU.ActiveCfg = Release|Any CPU
		{6B1C3467-E225-4443-88BB-11DFF4DD7A1C}.Release|Any CPU.Build.0 = Release|Any CPU
		{35550062-4CB1-48FE-864A-52CB32334149}.Debug|Any CPU.ActiveCfg = Debug|Any CPU
		{35550062-4CB1-48FE-864A-52CB32334149}.Debug|Any CPU.Build.0 = Debug|Any CPU
		{35550062-4CB1-48FE-864A-52CB32334149}.Release|Any CPU.ActiveCfg = Release|Any CPU
		{35550062-4CB1-48FE-864A-52CB32334149}.Release|Any CPU.Build.0 = Release|Any CPU
		{CBFCA730-1403-4BC3-AFF3-91A0AA8D39F1}.Debug|Any CPU.ActiveCfg = Debug|Any CPU
		{CBFCA730-1403-4BC3-AFF3-91A0AA8D39F1}.Debug|Any CPU.Build.0 = Debug|Any CPU
		{CBFCA730-1403-4BC3-AFF3-91A0AA8D39F1}.Release|Any CPU.ActiveCfg = Release|Any CPU
		{CBFCA730-1403-4BC3-AFF3-91A0AA8D39F1}.Release|Any CPU.Build.0 = Release|Any CPU
		{82029087-7A8D-41D5-8619-6B517F338AF9}.Debug|Any CPU.ActiveCfg = Debug|Any CPU
		{82029087-7A8D-41D5-8619-6B517F338AF9}.Debug|Any CPU.Build.0 = Debug|Any CPU
		{82029087-7A8D-41D5-8619-6B517F338AF9}.Release|Any CPU.ActiveCfg = Release|Any CPU
		{82029087-7A8D-41D5-8619-6B517F338AF9}.Release|Any CPU.Build.0 = Release|Any CPU
		{7BA7B767-A410-47FA-BA52-D6A2240EED32}.Debug|Any CPU.ActiveCfg = Debug|Any CPU
		{7BA7B767-A410-47FA-BA52-D6A2240EED32}.Debug|Any CPU.Build.0 = Debug|Any CPU
		{7BA7B767-A410-47FA-BA52-D6A2240EED32}.Release|Any CPU.ActiveCfg = Release|Any CPU
		{7BA7B767-A410-47FA-BA52-D6A2240EED32}.Release|Any CPU.Build.0 = Release|Any CPU
	EndGlobalSection
	GlobalSection(SolutionProperties) = preSolution
		HideSolutionNode = FALSE
	EndGlobalSection
	GlobalSection(NestedProjects) = preSolution
		{0FA75A5B-AB83-4FD0-B545-279774C01E87} = {2E9E38C5-991B-467C-8D50-7D1A6CC9C787}
		{3870C648-4AEA-4B85-BA3F-F2F63B96136A} = {8D9D6589-65D0-4616-A0D2-05F01DE4FD51}
		{0D4C5D00-C144-4213-A007-4B8944113AB1} = {014B9FF4-CA3A-4C1A-BFEA-8A6B9E72ED63}
		{7CAD3713-812A-4DE1-BDE3-59225B1E430A} = {02ACDD31-7333-4294-807B-F0ECC61698EB}
		{0F0E141D-2626-4114-9805-3AFD8275A6B0} = {40E893C4-0F97-4F92-BD24-E415CCEEC7D3}
		{9FC37C62-2105-4D32-9724-7323B959504B} = {40E893C4-0F97-4F92-BD24-E415CCEEC7D3}
		{A229F7D5-EE83-462E-8642-E9A2D5EA90FE} = {02ACDD31-7333-4294-807B-F0ECC61698EB}
		{25CD4D8C-D3DB-48A0-A4D0-639B6D0BDC7C} = {014B9FF4-CA3A-4C1A-BFEA-8A6B9E72ED63}
		{6143A90B-6C2A-4683-8A3A-4D48702770EA} = {8D9D6589-65D0-4616-A0D2-05F01DE4FD51}
		{4D6603C1-F7D6-4681-97F8-69B4BBBC0536} = {2E9E38C5-991B-467C-8D50-7D1A6CC9C787}
		{AC27E8FC-37B4-4B5F-A3CA-01602C2E8764} = {014B9FF4-CA3A-4C1A-BFEA-8A6B9E72ED63}
		{6B1C3467-E225-4443-88BB-11DFF4DD7A1C} = {E8B088B6-55E9-4616-9F08-FE21F5B21780}
		{35550062-4CB1-48FE-864A-52CB32334149} = {1EC0137F-ED18-4586-BF10-7D836E4D658C}
		{CBFCA730-1403-4BC3-AFF3-91A0AA8D39F1} = {8D9D6589-65D0-4616-A0D2-05F01DE4FD51}
		{82029087-7A8D-41D5-8619-6B517F338AF9} = {2E9E38C5-991B-467C-8D50-7D1A6CC9C787}
		{7BA7B767-A410-47FA-BA52-D6A2240EED32} = {E8B088B6-55E9-4616-9F08-FE21F5B21780}
	EndGlobalSection
	GlobalSection(ExtensibilityGlobals) = postSolution
		SolutionGuid = {23CD4D4B-B131-473D-9ECB-5DD96E739671}
	EndGlobalSection
EndGlobal
