
Microsoft Visual Studio Solution File, Format Version 12.00
# Visual Studio 15
VisualStudioVersion = 15.0.27004.2008
MinimumVisualStudioVersion = 10.0.40219.1
Project("{9A19103F-16F7-4668-BE54-9A1E7A4F7556}") = "Magicodes.Admin.Web.Mvc", "scaffolding\Magicodes.Admin.Web.Mvc\Magicodes.Admin.Web.Mvc.csproj", "{3483E956-5EA2-4666-AB63-CE4C341CCD3F}"
EndProject
Global
	GlobalSection(SolutionConfigurationPlatforms) = preSolution
		Debug|Any CPU = Debug|Any CPU
		Release|Any CPU = Release|Any CPU
	EndGlobalSection
	GlobalSection(ProjectConfigurationPlatforms) = postSolution
		{3483E956-5EA2-4666-AB63-CE4C341CCD3F}.Debug|Any CPU.ActiveCfg = Debug|Any CPU
		{3483E956-5EA2-4666-AB63-CE4C341CCD3F}.Debug|Any CPU.Build.0 = Debug|Any CPU
		{3483E956-5EA2-4666-AB63-CE4C341CCD3F}.Release|Any CPU.ActiveCfg = Release|Any CPU
		{3483E956-5EA2-4666-AB63-CE4C341CCD3F}.Release|Any CPU.Build.0 = Release|Any CPU
	EndGlobalSection
	GlobalSection(SolutionProperties) = preSolution
		HideSolutionNode = FALSE
	EndGlobalSection
	GlobalSection(ExtensibilityGlobals) = postSolution
		SolutionGuid = {14BFD9FA-74C7-4DFD-8842-164FB5531740}
	EndGlobalSection
EndGlobal
